
Microsoft Visual Studio Solution File, Format Version 12.00
# Visual Studio Version 17
VisualStudioVersion = 17.4.33110.190
MinimumVisualStudioVersion = 10.0.40219.1
Project("{FAE04EC0-301F-11D3-BF4B-00C04F79EFBC}") = "21-11", "21-11\21-11.csproj", "{80988A1D-2A9D-48E6-8C05-432973515840}"
EndProject
Global
	GlobalSection(SolutionConfigurationPlatforms) = preSolution
		Debug|Any CPU = Debug|Any CPU
		Release|Any CPU = Release|Any CPU
	EndGlobalSection
	GlobalSection(ProjectConfigurationPlatforms) = postSolution
		{80988A1D-2A9D-48E6-8C05-432973515840}.Debug|Any CPU.ActiveCfg = Debug|Any CPU
		{80988A1D-2A9D-48E6-8C05-432973515840}.Debug|Any CPU.Build.0 = Debug|Any CPU
		{80988A1D-2A9D-48E6-8C05-432973515840}.Release|Any CPU.ActiveCfg = Release|Any CPU
		{80988A1D-2A9D-48E6-8C05-432973515840}.Release|Any CPU.Build.0 = Release|Any CPU
	EndGlobalSection
	GlobalSection(SolutionProperties) = preSolution
		HideSolutionNode = FALSE
	EndGlobalSection
	GlobalSection(ExtensibilityGlobals) = postSolution
		SolutionGuid = {2BE8A588-723D-45A8-944E-11163E520F52}
	EndGlobalSection
EndGlobal
